
Microsoft Visual Studio Solution File, Format Version 12.00
# Visual Studio Version 17
VisualStudioVersion = 17.9.34728.123
MinimumVisualStudioVersion = 10.0.40219.1
Project("{FAE04EC0-301F-11D3-BF4B-00C04F79EFBC}") = "Antonov", "Antonov\Antonov.csproj", "{2C7ACA09-EC65-4716-B187-85BAFD4B0497}"
EndProject
Project("{FAE04EC0-301F-11D3-BF4B-00C04F79EFBC}") = "DAL", "DLL\DAL.csproj", "{83FD22E1-4E8D-4D68-8C26-6A0308C10652}"
EndProject
Project("{FAE04EC0-301F-11D3-BF4B-00C04F79EFBC}") = "BLL", "BLL\BLL.csproj", "{895ED097-63D6-4EEF-829D-386B35BCE068}"
EndProject
Global
	GlobalSection(SolutionConfigurationPlatforms) = preSolution
		Debug|Any CPU = Debug|Any CPU
		Release|Any CPU = Release|Any CPU
	EndGlobalSection
	GlobalSection(ProjectConfigurationPlatforms) = postSolution
		{2C7ACA09-EC65-4716-B187-85BAFD4B0497}.Debug|Any CPU.ActiveCfg = Debug|Any CPU
		{2C7ACA09-EC65-4716-B187-85BAFD4B0497}.Debug|Any CPU.Build.0 = Debug|Any CPU
		{2C7ACA09-EC65-4716-B187-85BAFD4B0497}.Release|Any CPU.ActiveCfg = Release|Any CPU
		{2C7ACA09-EC65-4716-B187-85BAFD4B0497}.Release|Any CPU.Build.0 = Release|Any CPU
		{83FD22E1-4E8D-4D68-8C26-6A0308C10652}.Debug|Any CPU.ActiveCfg = Debug|Any CPU
		{83FD22E1-4E8D-4D68-8C26-6A0308C10652}.Debug|Any CPU.Build.0 = Debug|Any CPU
		{83FD22E1-4E8D-4D68-8C26-6A0308C10652}.Release|Any CPU.ActiveCfg = Release|Any CPU
		{83FD22E1-4E8D-4D68-8C26-6A0308C10652}.Release|Any CPU.Build.0 = Release|Any CPU
		{895ED097-63D6-4EEF-829D-386B35BCE068}.Debug|Any CPU.ActiveCfg = Debug|Any CPU
		{895ED097-63D6-4EEF-829D-386B35BCE068}.Debug|Any CPU.Build.0 = Debug|Any CPU
		{895ED097-63D6-4EEF-829D-386B35BCE068}.Release|Any CPU.ActiveCfg = Release|Any CPU
		{895ED097-63D6-4EEF-829D-386B35BCE068}.Release|Any CPU.Build.0 = Release|Any CPU
	EndGlobalSection
	GlobalSection(SolutionProperties) = preSolution
		HideSolutionNode = FALSE
	EndGlobalSection
	GlobalSection(ExtensibilityGlobals) = postSolution
		SolutionGuid = {47D89964-B5C1-4C9A-9892-80B9E7834889}
	EndGlobalSection
EndGlobal
